// !$*UTF8*$!
{
	archiveVersion = 1;
	classes = {
	};
	objectVersion = 46;
	objects = {

/* Begin PBXBuildFile section */
		D771D6541F66E10D006C7F33 /* batu.png in Resources */ = {isa = PBXBuildFile; fileRef = D771D6531F66E10D006C7F33 /* batu.png */; };
		D7B1734A1F5D970600C8FFF6 /* AppDelegate.swift in Sources */ = {isa = PBXBuildFile; fileRef = D7B173491F5D970600C8FFF6 /* AppDelegate.swift */; };
		D7B1734C1F5D970600C8FFF6 /* ViewController.swift in Sources */ = {isa = PBXBuildFile; fileRef = D7B1734B1F5D970600C8FFF6 /* ViewController.swift */; };
		D7B1734F1F5D970600C8FFF6 /* Main.storyboard in Resources */ = {isa = PBXBuildFile; fileRef = D7B1734D1F5D970600C8FFF6 /* Main.storyboard */; };
		D7B173511F5D970600C8FFF6 /* Assets.xcassets in Resources */ = {isa = PBXBuildFile; fileRef = D7B173501F5D970600C8FFF6 /* Assets.xcassets */; };
		D7B173541F5D970600C8FFF6 /* LaunchScreen.storyboard in Resources */ = {isa = PBXBuildFile; fileRef = D7B173521F5D970600C8FFF6 /* LaunchScreen.storyboard */; };
		D7B1735C1F5EDA4100C8FFF6 /* maru.PNG in Resources */ = {isa = PBXBuildFile; fileRef = D7B1735B1F5EDA4100C8FFF6 /* maru.PNG */; };
/* End PBXBuildFile section */

/* Begin PBXFileReference section */
		D771D6531F66E10D006C7F33 /* batu.png */ = {isa = PBXFileReference; lastKnownFileType = image.png; path = batu.png; sourceTree = "<group>"; };
		D7B173461F5D970600C8FFF6 /* Game_3Moku.app */ = {isa = PBXFileReference; explicitFileType = wrapper.application; includeInIndex = 0; path = Game_3Moku.app; sourceTree = BUILT_PRODUCTS_DIR; };
		D7B173491F5D970600C8FFF6 /* AppDelegate.swift */ = {isa = PBXFileReference; lastKnownFileType = sourcecode.swift; path = AppDelegate.swift; sourceTree = "<group>"; };
		D7B1734B1F5D970600C8FFF6 /* ViewController.swift */ = {isa = PBXFileReference; lastKnownFileType = sourcecode.swift; path = ViewController.swift; sourceTree = "<group>"; };
		D7B1734E1F5D970600C8FFF6 /* Base */ = {isa = PBXFileReference; lastKnownFileType = file.storyboard; name = Base; path = Base.lproj/Main.storyboard; sourceTree = "<group>"; };
		D7B173501F5D970600C8FFF6 /* Assets.xcassets */ = {isa = PBXFileReference; lastKnownFileType = folder.assetcatalog; path = Assets.xcassets; sourceTree = "<group>"; };
		D7B173531F5D970600C8FFF6 /* Base */ = {isa = PBXFileReference; lastKnownFileType = file.storyboard; name = Base; path = Base.lproj/LaunchScreen.storyboard; sourceTree = "<group>"; };
		D7B173551F5D970600C8FFF6 /* Info.plist */ = {isa = PBXFileReference; lastKnownFileType = text.plist.xml; path = Info.plist; sourceTree = "<group>"; };
		D7B1735B1F5EDA4100C8FFF6 /* maru.PNG */ = {isa = PBXFileReference; lastKnownFileType = image.png; path = maru.PNG; sourceTree = "<group>"; };
/* End PBXFileReference section */

/* Begin PBXFrameworksBuildPhase section */
		D7B173431F5D970600C8FFF6 /* Frameworks */ = {
			isa = PBXFrameworksBuildPhase;
			buildActionMask = 2147483647;
			files = (
			);
			runOnlyForDeploymentPostprocessing = 0;
		};
/* End PBXFrameworksBuildPhase section */

/* Begin PBXGroup section */
		D7B1733D1F5D970600C8FFF6 = {
			isa = PBXGroup;
			children = (
				D7B173481F5D970600C8FFF6 /* Game_3Moku */,
				D7B173471F5D970600C8FFF6 /* Products */,
			);
			sourceTree = "<group>";
		};
		D7B173471F5D970600C8FFF6 /* Products */ = {
			isa = PBXGroup;
			children = (
				D7B173461F5D970600C8FFF6 /* Game_3Moku.app */,
			);
			name = Products;
			sourceTree = "<group>";
		};
		D7B173481F5D970600C8FFF6 /* Game_3Moku */ = {
			isa = PBXGroup;
			children = (
				D771D6531F66E10D006C7F33 /* batu.png */,
				D7B1735B1F5EDA4100C8FFF6 /* maru.PNG */,
				D7B173491F5D970600C8FFF6 /* AppDelegate.swift */,
				D7B1734B1F5D970600C8FFF6 /* ViewController.swift */,
				D7B1734D1F5D970600C8FFF6 /* Main.storyboard */,
				D7B173501F5D970600C8FFF6 /* Assets.xcassets */,
				D7B173521F5D970600C8FFF6 /* LaunchScreen.storyboard */,
				D7B173551F5D970600C8FFF6 /* Info.plist */,
			);
			path = Game_3Moku;
			sourceTree = "<group>";
		};
/* End PBXGroup section */

/* Begin PBXNativeTarget section */
		D7B173451F5D970600C8FFF6 /* Game_3Moku */ = {
			isa = PBXNativeTarget;
			buildConfigurationList = D7B173581F5D970600C8FFF6 /* Build configuration list for PBXNativeTarget "Game_3Moku" */;
			buildPhases = (
				D7B173421F5D970600C8FFF6 /* Sources */,
				D7B173431F5D970600C8FFF6 /* Frameworks */,
				D7B173441F5D970600C8FFF6 /* Resources */,
			);
			buildRules = (
			);
			dependencies = (
			);
			name = Game_3Moku;
			productName = Game_3Moku;
			productReference = D7B173461F5D970600C8FFF6 /* Game_3Moku.app */;
			productType = "com.apple.product-type.application";
		};
/* End PBXNativeTarget section */

/* Begin PBXProject section */
		D7B1733E1F5D970600C8FFF6 /* Project object */ = {
			isa = PBXProject;
			attributes = {
				LastSwiftUpdateCheck = 0830;
				LastUpgradeCheck = 0830;
				ORGANIZATIONNAME = yamayoshi;
				TargetAttributes = {
					D7B173451F5D970600C8FFF6 = {
						CreatedOnToolsVersion = 8.3.3;
						DevelopmentTeam = DGSZN3FW9S;
						ProvisioningStyle = Automatic;
					};
				};
			};
			buildConfigurationList = D7B173411F5D970600C8FFF6 /* Build configuration list for PBXProject "Game_3Moku" */;
			compatibilityVersion = "Xcode 3.2";
			developmentRegion = English;
			hasScannedForEncodings = 0;
			knownRegions = (
				en,
				Base,
			);
			mainGroup = D7B1733D1F5D970600C8FFF6;
			productRefGroup = D7B173471F5D970600C8FFF6 /* Products */;
			projectDirPath = "";
			projectRoot = "";
			targets = (
				D7B173451F5D970600C8FFF6 /* Game_3Moku */,
			);
		};
/* End PBXProject section */

/* Begin PBXResourcesBuildPhase section */
		D7B173441F5D970600C8FFF6 /* Resources */ = {
			isa = PBXResourcesBuildPhase;
			buildActionMask = 2147483647;
			files = (
				D7B1735C1F5EDA4100C8FFF6 /* maru.PNG in Resources */,
				D771D6541F66E10D006C7F33 /* batu.png in Resources */,
				D7B173541F5D970600C8FFF6 /* LaunchScreen.storyboard in Resources */,
				D7B173511F5D970600C8FFF6 /* Assets.xcassets in Resources */,
				D7B1734F1F5D970600C8FFF6 /* Main.storyboard in Resources */,
			);
			runOnlyForDeploymentPostprocessing = 0;
		};
/* End PBXResourcesBuildPhase section */

/* Begin PBXSourcesBuildPhase section */
		D7B173421F5D970600C8FFF6 /* Sources */ = {
			isa = PBXSourcesBuildPhase;
			buildActionMask = 2147483647;
			files = (
				D7B1734C1F5D970600C8FFF6 /* ViewController.swift in Sources */,
				D7B1734A1F5D970600C8FFF6 /* AppDelegate.swift in Sources */,
			);
			runOnlyForDeploymentPostprocessing = 0;
		};
/* End PBXSourcesBuildPhase section */

/* Begin PBXVariantGroup section */
		D7B1734D1F5D970600C8FFF6 /* Main.storyboard */ = {
			isa = PBXVariantGroup;
			children = (
				D7B1734E1F5D970600C8FFF6 /* Base */,
			);
			name = Main.storyboard;
			sourceTree = "<group>";
		};
		D7B173521F5D970600C8FFF6 /* LaunchScreen.storyboard */ = {
			isa = PBXVariantGroup;
			children = (
				D7B173531F5D970600C8FFF6 /* Base */,
			);
			name = LaunchScreen.storyboard;
			sourceTree = "<group>";
		};
/* End PBXVariantGroup section */

/* Begin XCBuildConfiguration section */
		D7B173561F5D970600C8FFF6 /* Debug */ = {
			isa = XCBuildConfiguration;
			buildSettings = {
				ALWAYS_SEARCH_USER_PATHS = NO;
				CLANG_ANALYZER_NONNULL = YES;
				CLANG_ANALYZER_NUMBER_OBJECT_CONVERSION = YES_AGGRESSIVE;
				CLANG_CXX_LANGUAGE_STANDARD = "gnu++0x";
				CLANG_CXX_LIBRARY = "libc++";
				CLANG_ENABLE_MODULES = YES;
				CLANG_ENABLE_OBJC_ARC = YES;
				CLANG_WARN_BOOL_CONVERSION = YES;
				CLANG_WARN_CONSTANT_CONVERSION = YES;
				CLANG_WARN_DIRECT_OBJC_ISA_USAGE = YES_ERROR;
				CLANG_WARN_DOCUMENTATION_COMMENTS = YES;
				CLANG_WARN_EMPTY_BODY = YES;
				CLANG_WARN_ENUM_CONVERSION = YES;
				CLANG_WARN_INFINITE_RECURSION = YES;
				CLANG_WARN_INT_CONVERSION = YES;
				CLANG_WARN_OBJC_ROOT_CLASS = YES_ERROR;
				CLANG_WARN_SUSPICIOUS_MOVE = YES;
				CLANG_WARN_UNREACHABLE_CODE = YES;
				CLANG_WARN__DUPLICATE_METHOD_MATCH = YES;
				"CODE_SIGN_IDENTITY[sdk=iphoneos*]" = "iPhone Developer";
				COPY_PHASE_STRIP = NO;
				DEBUG_INFORMATION_FORMAT = dwarf;
				ENABLE_STRICT_OBJC_MSGSEND = YES;
				ENABLE_TESTABILITY = YES;
				GCC_C_LANGUAGE_STANDARD = gnu99;
				GCC_DYNAMIC_NO_PIC = NO;
				GCC_NO_COMMON_BLOCKS = YES;
				GCC_OPTIMIZATION_LEVEL = 0;
				GCC_PREPROCESSOR_DEFINITIONS = (
					"DEBUG=1",
					"$(inherited)",
				);
				GCC_WARN_64_TO_32_BIT_CONVERSION = YES;
				GCC_WARN_ABOUT_RETURN_TYPE = YES_ERROR;
				GCC_WARN_UNDECLARED_SELECTOR = YES;
				GCC_WARN_UNINITIALIZED_AUTOS = YES_AGGRESSIVE;
				GCC_WARN_UNUSED_FUNCTION = YES;
				GCC_WARN_UNUSED_VARIABLE = YES;
				IPHONEOS_DEPLOYMENT_TARGET = 10.3;
				MTL_ENABLE_DEBUG_INFO = YES;
				ONLY_ACTIVE_ARCH = YES;
				SDKROOT = iphoneos;
				SWIFT_ACTIVE_COMPILATION_CONDITIONS = DEBUG;
				SWIFT_OPTIMIZATION_LEVEL = "-Onone";
				TARGETED_DEVICE_FAMILY = "1,2";
			};
			name = Debug;
		};
		D7B173571F5D970600C8FFF6 /* Release */ = {
			isa = XCBuildConfiguration;
			buildSettings = {
				ALWAYS_SEARCH_USER_PATHS = NO;
				CLANG_ANALYZER_NONNULL = YES;
				CLANG_ANALYZER_NUMBER_OBJECT_CONVERSION = YES_AGGRESSIVE;
				CLANG_CXX_LANGUAGE_STANDARD = "gnu++0x";
				CLANG_CXX_LIBRARY = "libc++";
				CLANG_ENABLE_MODULES = YES;
				CLANG_ENABLE_OBJC_ARC = YES;
				CLANG_WARN_BOOL_CONVERSION = YES;
				CLANG_WARN_CONSTANT_CONVERSION = YES;
				CLANG_WARN_DIRECT_OBJC_ISA_USAGE = YES_ERROR;
				CLANG_WARN_DOCUMENTATION_COMMENTS = YES;
				CLANG_WARN_EMPTY_BODY = YES;
				CLANG_WARN_ENUM_CONVERSION = YES;
				CLANG_WARN_INFINITE_RECURSION = YES;
				CLANG_WARN_INT_CONVERSION = YES;
				CLANG_WARN_OBJC_ROOT_CLASS = YES_ERROR;
				CLANG_WARN_SUSPICIOUS_MOVE = YES;
				CLANG_WARN_UNREACHABLE_CODE = YES;
				CLANG_WARN__DUPLICATE_METHOD_MATCH = YES;
				"CODE_SIGN_IDENTITY[sdk=iphoneos*]" = "iPhone Developer";
				COPY_PHASE_STRIP = NO;
				DEBUG_INFORMATION_FORMAT = "dwarf-with-dsym";
				ENABLE_NS_ASSERTIONS = NO;
				ENABLE_STRICT_OBJC_MSGSEND = YES;
				GCC_C_LANGUAGE_STANDARD = gnu99;
				GCC_NO_COMMON_BLOCKS = YES;
				GCC_WARN_64_TO_32_BIT_CONVERSION = YES;
				GCC_WARN_ABOUT_RETURN_TYPE = YES_ERROR;
				GCC_WARN_UNDECLARED_SELECTOR = YES;
				GCC_WARN_UNINITIALIZED_AUTOS = YES_AGGRESSIVE;
				GCC_WARN_UNUSED_FUNCTION = YES;
				GCC_WARN_UNUSED_VARIABLE = YES;
				IPHONEOS_DEPLOYMENT_TARGET = 10.3;
				MTL_ENABLE_DEBUG_INFO = NO;
				SDKROOT = iphoneos;
				SWIFT_OPTIMIZATION_LEVEL = "-Owholemodule";
				TARGETED_DEVICE_FAMILY = "1,2";
				VALIDATE_PRODUCT = YES;
			};
			name = Release;
		};
		D7B173591F5D970600C8FFF6 /* Debug */ = {
			isa = XCBuildConfiguration;
			buildSettings = {
				ASSETCATALOG_COMPILER_APPICON_NAME = AppIcon;
				DEVELOPMENT_TEAM = DGSZN3FW9S;
				INFOPLIST_FILE = Game_3Moku/Info.plist;
				LD_RUNPATH_SEARCH_PATHS = "$(inherited) @executable_path/Frameworks";
				PRODUCT_BUNDLE_IDENTIFIER = "com.yamayoshi.Game-3Moku";
				PRODUCT_NAME = "$(TARGET_NAME)";
				SWIFT_VERSION = 3.0;
			};
			name = Debug;
		};
		D7B1735A1F5D970600C8FFF6 /* Release */ = {
			isa = XCBuildConfiguration;
			buildSettings = {
				ASSETCATALOG_COMPILER_APPICON_NAME = AppIcon;
				DEVELOPMENT_TEAM = DGSZN3FW9S;
				INFOPLIST_FILE = Game_3Moku/Info.plist;
				LD_RUNPATH_SEARCH_PATHS = "$(inherited) @executable_path/Frameworks";
				PRODUCT_BUNDLE_IDENTIFIER = "com.yamayoshi.Game-3Moku";
				PRODUCT_NAME = "$(TARGET_NAME)";
				SWIFT_VERSION = 3.0;
			};
			name = Release;
		};
/* End XCBuildConfiguration section */

/* Begin XCConfigurationList section */
		D7B173411F5D970600C8FFF6 /* Build configuration list for PBXProject "Game_3Moku" */ = {
			isa = XCConfigurationList;
			buildConfigurations = (
				D7B173561F5D970600C8FFF6 /* Debug */,
				D7B173571F5D970600C8FFF6 /* Release */,
			);
			defaultConfigurationIsVisible = 0;
			defaultConfigurationName = Release;
		};
		D7B173581F5D970600C8FFF6 /* Build configuration list for PBXNativeTarget "Game_3Moku" */ = {
			isa = XCConfigurationList;
			buildConfigurations = (
				D7B173591F5D970600C8FFF6 /* Debug */,
				D7B1735A1F5D970600C8FFF6 /* Release */,
			);
			defaultConfigurationIsVisible = 0;
			defaultConfigurationName = Release;
		};
/* End XCConfigurationList section */
	};
	rootObject = D7B1733E1F5D970600C8FFF6 /* Project object */;
}
